
Microsoft Visual Studio Solution File, Format Version 12.00
# Visual Studio Version 16
VisualStudioVersion = 16.0.29911.84
MinimumVisualStudioVersion = 10.0.40219.1
Project("{FAE04EC0-301F-11D3-BF4B-00C04F79EFBC}") = "APBD_02", "APBD_02.csproj", "{C3559BB4-7DAE-461A-909E-A6D01F34CC5A}"
EndProject
Global
	GlobalSection(SolutionConfigurationPlatforms) = preSolution
		Debug|Any CPU = Debug|Any CPU
		Release|Any CPU = Release|Any CPU
	EndGlobalSection
	GlobalSection(ProjectConfigurationPlatforms) = postSolution
		{C3559BB4-7DAE-461A-909E-A6D01F34CC5A}.Debug|Any CPU.ActiveCfg = Debug|Any CPU
		{C3559BB4-7DAE-461A-909E-A6D01F34CC5A}.Debug|Any CPU.Build.0 = Debug|Any CPU
		{C3559BB4-7DAE-461A-909E-A6D01F34CC5A}.Release|Any CPU.ActiveCfg = Release|Any CPU
		{C3559BB4-7DAE-461A-909E-A6D01F34CC5A}.Release|Any CPU.Build.0 = Release|Any CPU
	EndGlobalSection
	GlobalSection(SolutionProperties) = preSolution
		HideSolutionNode = FALSE
	EndGlobalSection
	GlobalSection(ExtensibilityGlobals) = postSolution
		SolutionGuid = {6BEB6E9B-08FD-424D-97D5-4B4C30027FEE}
	EndGlobalSection
EndGlobal
